
Microsoft Visual Studio Solution File, Format Version 12.00
# Visual Studio Version 17
VisualStudioVersion = 17.7.34024.191
MinimumVisualStudioVersion = 10.0.40219.1
Project("{9A19103F-16F7-4668-BE54-9A1E7A4F7556}") = "PlaywrightTests", "PlaywrightTests.csproj", "{90D8370F-C654-49A0-9225-481E01DA1114}"
EndProject
Global
	GlobalSection(SolutionConfigurationPlatforms) = preSolution
		Debug|Any CPU = Debug|Any CPU
		Release|Any CPU = Release|Any CPU
	EndGlobalSection
	GlobalSection(ProjectConfigurationPlatforms) = postSolution
		{90D8370F-C654-49A0-9225-481E01DA1114}.Debug|Any CPU.ActiveCfg = Debug|Any CPU
		{90D8370F-C654-49A0-9225-481E01DA1114}.Debug|Any CPU.Build.0 = Debug|Any CPU
		{90D8370F-C654-49A0-9225-481E01DA1114}.Release|Any CPU.ActiveCfg = Release|Any CPU
		{90D8370F-C654-49A0-9225-481E01DA1114}.Release|Any CPU.Build.0 = Release|Any CPU
	EndGlobalSection
	GlobalSection(SolutionProperties) = preSolution
		HideSolutionNode = FALSE
	EndGlobalSection
	GlobalSection(ExtensibilityGlobals) = postSolution
		SolutionGuid = {41B83F87-E328-4C24-8A5A-E93C70FA137C}
	EndGlobalSection
EndGlobal
